
Microsoft Visual Studio Solution File, Format Version 12.00
# Visual Studio Version 17
VisualStudioVersion = 17.3.32922.545
MinimumVisualStudioVersion = 10.0.40219.1
Project("{FAE04EC0-301F-11D3-BF4B-00C04F79EFBC}") = "Tracer.Serialization.Json", "Tracer.Serialization.Json\Tracer.Serialization.Json.csproj", "{FCCD1F1D-B8C3-4035-BD9F-B77B7A6FDCC0}"
EndProject
Project("{FAE04EC0-301F-11D3-BF4B-00C04F79EFBC}") = "Tracer.Serialization.Xml", "Tracer.Serialization.Xml\Tracer.Serialization.Xml.csproj", "{ACF84089-2989-44AC-88C2-ACF0DE96BDE5}"
EndProject
Project("{FAE04EC0-301F-11D3-BF4B-00C04F79EFBC}") = "Tracer.Serialization.Yaml", "Tracer.Serialization.Yaml\Tracer.Serialization.Yaml.csproj", "{1F740505-9BD4-49CC-8CCF-914E56EC58D1}"
EndProject
Project("{9A19103F-16F7-4668-BE54-9A1E7A4F7556}") = "Tracer.Serialization.Abstractions", "..\Tracer\Tracer.Serialization.Abstractions\Tracer.Serialization.Abstractions.csproj", "{138CB402-DC8F-47E9-BD5B-C083C2F8B1A2}"
EndProject
Project("{9A19103F-16F7-4668-BE54-9A1E7A4F7556}") = "Tracer.Core", "..\Tracer\Tracer.Core\Tracer.Core.csproj", "{5EC9EF5A-1B4D-4FEA-BB5C-BEDFCC7DA0CB}"
EndProject
Global
	GlobalSection(SolutionConfigurationPlatforms) = preSolution
		Debug|Any CPU = Debug|Any CPU
		Release|Any CPU = Release|Any CPU
	EndGlobalSection
	GlobalSection(ProjectConfigurationPlatforms) = postSolution
		{FCCD1F1D-B8C3-4035-BD9F-B77B7A6FDCC0}.Debug|Any CPU.ActiveCfg = Debug|Any CPU
		{FCCD1F1D-B8C3-4035-BD9F-B77B7A6FDCC0}.Debug|Any CPU.Build.0 = Debug|Any CPU
		{FCCD1F1D-B8C3-4035-BD9F-B77B7A6FDCC0}.Release|Any CPU.ActiveCfg = Release|Any CPU
		{FCCD1F1D-B8C3-4035-BD9F-B77B7A6FDCC0}.Release|Any CPU.Build.0 = Release|Any CPU
		{ACF84089-2989-44AC-88C2-ACF0DE96BDE5}.Debug|Any CPU.ActiveCfg = Debug|Any CPU
		{ACF84089-2989-44AC-88C2-ACF0DE96BDE5}.Debug|Any CPU.Build.0 = Debug|Any CPU
		{ACF84089-2989-44AC-88C2-ACF0DE96BDE5}.Release|Any CPU.ActiveCfg = Release|Any CPU
		{ACF84089-2989-44AC-88C2-ACF0DE96BDE5}.Release|Any CPU.Build.0 = Release|Any CPU
		{1F740505-9BD4-49CC-8CCF-914E56EC58D1}.Debug|Any CPU.ActiveCfg = Debug|Any CPU
		{1F740505-9BD4-49CC-8CCF-914E56EC58D1}.Debug|Any CPU.Build.0 = Debug|Any CPU
		{1F740505-9BD4-49CC-8CCF-914E56EC58D1}.Release|Any CPU.ActiveCfg = Release|Any CPU
		{1F740505-9BD4-49CC-8CCF-914E56EC58D1}.Release|Any CPU.Build.0 = Release|Any CPU
		{138CB402-DC8F-47E9-BD5B-C083C2F8B1A2}.Debug|Any CPU.ActiveCfg = Debug|Any CPU
		{138CB402-DC8F-47E9-BD5B-C083C2F8B1A2}.Debug|Any CPU.Build.0 = Debug|Any CPU
		{138CB402-DC8F-47E9-BD5B-C083C2F8B1A2}.Release|Any CPU.ActiveCfg = Release|Any CPU
		{138CB402-DC8F-47E9-BD5B-C083C2F8B1A2}.Release|Any CPU.Build.0 = Release|Any CPU
		{5EC9EF5A-1B4D-4FEA-BB5C-BEDFCC7DA0CB}.Debug|Any CPU.ActiveCfg = Debug|Any CPU
		{5EC9EF5A-1B4D-4FEA-BB5C-BEDFCC7DA0CB}.Debug|Any CPU.Build.0 = Debug|Any CPU
		{5EC9EF5A-1B4D-4FEA-BB5C-BEDFCC7DA0CB}.Release|Any CPU.ActiveCfg = Release|Any CPU
		{5EC9EF5A-1B4D-4FEA-BB5C-BEDFCC7DA0CB}.Release|Any CPU.Build.0 = Release|Any CPU
	EndGlobalSection
	GlobalSection(SolutionProperties) = preSolution
		HideSolutionNode = FALSE
	EndGlobalSection
	GlobalSection(ExtensibilityGlobals) = postSolution
		SolutionGuid = {5D227CC6-908D-4D52-A8AC-86A5AC96F195}
	EndGlobalSection
EndGlobal
